{
    "version": 3,
    "terraform_version": "0.11.11",
    "serial": 9,
    "lineage": "93cfae27-e93f-29a5-fada-3c0b1571c0ca",
    "modules": [
        {
            "path": [
                "root"
            ],
            "outputs": {},
            "resources": {
                "aws_alb_listener.front_end": {
                    "type": "aws_alb_listener",
                    "depends_on": [
                        "aws_alb_target_group.sample_target_group",
                        "aws_lb.main"
                    ],
                    "primary": {
                        "id": "arn:aws:elasticloadbalancing:us-east-1:269898812198:listener/net/sample-alb-ecs/c384ac8816305b68/19b0a8a6e0adbe1e",
                        "attributes": {
                            "arn": "arn:aws:elasticloadbalancing:us-east-1:269898812198:listener/net/sample-alb-ecs/c384ac8816305b68/19b0a8a6e0adbe1e",
                            "default_action.#": "1",
                            "default_action.0.authenticate_cognito.#": "0",
                            "default_action.0.authenticate_oidc.#": "0",
                            "default_action.0.fixed_response.#": "0",
                            "default_action.0.order": "1",
                            "default_action.0.redirect.#": "0",
                            "default_action.0.target_group_arn": "arn:aws:elasticloadbalancing:us-east-1:269898812198:targetgroup/sample-ecs-tg/a115ca3af0844716",
                            "default_action.0.type": "forward",
                            "id": "arn:aws:elasticloadbalancing:us-east-1:269898812198:listener/net/sample-alb-ecs/c384ac8816305b68/19b0a8a6e0adbe1e",
                            "load_balancer_arn": "arn:aws:elasticloadbalancing:us-east-1:269898812198:loadbalancer/net/sample-alb-ecs/c384ac8816305b68",
                            "port": "3333",
                            "protocol": "TCP",
                            "ssl_policy": ""
                        },
                        "meta": {
                            "e2bfb730-ecaa-11e6-8f88-34363bc7c4c0": {
                                "read": 600000000000
                            }
                        },
                        "tainted": false
                    },
                    "deposed": [],
                    "provider": "provider.aws"
                },
                "aws_alb_target_group.sample_target_group": {
                    "type": "aws_alb_target_group",
                    "depends_on": [],
                    "primary": {
                        "id": "arn:aws:elasticloadbalancing:us-east-1:269898812198:targetgroup/sample-ecs-tg/a115ca3af0844716",
                        "attributes": {
                            "arn": "arn:aws:elasticloadbalancing:us-east-1:269898812198:targetgroup/sample-ecs-tg/a115ca3af0844716",
                            "arn_suffix": "targetgroup/sample-ecs-tg/a115ca3af0844716",
                            "deregistration_delay": "300",
                            "health_check.#": "1",
                            "health_check.0.healthy_threshold": "3",
                            "health_check.0.interval": "30",
                            "health_check.0.matcher": "",
                            "health_check.0.path": "",
                            "health_check.0.port": "traffic-port",
                            "health_check.0.protocol": "TCP",
                            "health_check.0.timeout": "10",
                            "health_check.0.unhealthy_threshold": "3",
                            "id": "arn:aws:elasticloadbalancing:us-east-1:269898812198:targetgroup/sample-ecs-tg/a115ca3af0844716",
                            "name": "sample-ecs-tg",
                            "port": "3333",
                            "protocol": "TCP",
                            "proxy_protocol_v2": "false",
                            "slow_start": "0",
                            "stickiness.#": "0",
                            "tags.%": "0",
                            "target_type": "instance",
                            "vpc_id": "vpc-f45d8f8e"
                        },
                        "meta": {},
                        "tainted": false
                    },
                    "deposed": [],
                    "provider": "provider.aws"
                },
                "aws_autoscaling_group.sample_app_dc": {
                    "type": "aws_autoscaling_group",
                    "depends_on": [
                        "aws_launch_configuration.sample_app_dc"
                    ],
                    "primary": {
                        "id": "sample-autoscale-group-dc",
                        "attributes": {
                            "arn": "arn:aws:autoscaling:us-east-1:269898812198:autoScalingGroup:b0e16dd6-9ea8-4823-9975-255e70f90b6a:autoScalingGroupName/sample-autoscale-group-dc",
                            "availability_zones.#": "2",
                            "availability_zones.3551460226": "us-east-1e",
                            "availability_zones.3569565595": "us-east-1a",
                            "default_cooldown": "300",
                            "desired_capacity": "2",
                            "enabled_metrics.#": "0",
                            "force_delete": "false",
                            "health_check_grace_period": "300",
                            "health_check_type": "EC2",
                            "id": "sample-autoscale-group-dc",
                            "launch_configuration": "terraform-20190225071544363900000001",
                            "launch_template.#": "0",
                            "load_balancers.#": "0",
                            "max_size": "2",
                            "metrics_granularity": "1Minute",
                            "min_size": "1",
                            "mixed_instances_policy.#": "0",
                            "name": "sample-autoscale-group-dc",
                            "placement_group": "",
                            "protect_from_scale_in": "false",
                            "service_linked_role_arn": "arn:aws:iam::269898812198:role/aws-service-role/autoscaling.amazonaws.com/AWSServiceRoleForAutoScaling",
                            "suspended_processes.#": "0",
                            "tag.#": "0",
                            "target_group_arns.#": "0",
                            "termination_policies.#": "0",
                            "vpc_zone_identifier.#": "2",
                            "vpc_zone_identifier.256938267": "subnet-90e062cc",
                            "vpc_zone_identifier.523965826": "subnet-5cd90c62",
                            "wait_for_capacity_timeout": "10m"
                        },
                        "meta": {
                            "e2bfb730-ecaa-11e6-8f88-34363bc7c4c0": {
                                "delete": 600000000000
                            }
                        },
                        "tainted": false
                    },
                    "deposed": [],
                    "provider": "provider.aws"
                },
                "aws_cloudwatch_log_group.app": {
                    "type": "aws_cloudwatch_log_group",
                    "depends_on": [],
                    "primary": {
                        "id": "sample-ecs-group/app",
                        "attributes": {
                            "arn": "arn:aws:logs:us-east-1:269898812198:log-group:sample-ecs-group/app:*",
                            "id": "sample-ecs-group/app",
                            "kms_key_id": "",
                            "name": "sample-ecs-group/app",
                            "retention_in_days": "0",
                            "tags.%": "0"
                        },
                        "meta": {},
                        "tainted": false
                    },
                    "deposed": [],
                    "provider": "provider.aws"
                },
                "aws_cloudwatch_log_group.ecs": {
                    "type": "aws_cloudwatch_log_group",
                    "depends_on": [],
                    "primary": {
                        "id": "sample-ecs-group/ecs-agent",
                        "attributes": {
                            "arn": "arn:aws:logs:us-east-1:269898812198:log-group:sample-ecs-group/ecs-agent:*",
                            "id": "sample-ecs-group/ecs-agent",
                            "kms_key_id": "",
                            "name": "sample-ecs-group/ecs-agent",
                            "retention_in_days": "0",
                            "tags.%": "0"
                        },
                        "meta": {},
                        "tainted": false
                    },
                    "deposed": [],
                    "provider": "provider.aws"
                },
                "aws_ecs_cluster.main": {
                    "type": "aws_ecs_cluster",
                    "depends_on": [],
                    "primary": {
                        "id": "arn:aws:ecs:us-east-1:269898812198:cluster/sample-ecs-cluster",
                        "attributes": {
                            "arn": "arn:aws:ecs:us-east-1:269898812198:cluster/sample-ecs-cluster",
                            "id": "arn:aws:ecs:us-east-1:269898812198:cluster/sample-ecs-cluster",
                            "name": "sample-ecs-cluster",
                            "tags.%": "0"
                        },
                        "meta": {},
                        "tainted": false
                    },
                    "deposed": [],
                    "provider": "provider.aws"
                },
                "aws_ecs_service.sample_service": {
                    "type": "aws_ecs_service",
                    "depends_on": [
                        "aws_alb_listener.front_end",
                        "aws_alb_target_group.sample_target_group",
                        "aws_ecs_cluster.main",
                        "aws_ecs_task_definition.sample_task",
                        "aws_iam_role.ecs_service"
                    ],
                    "primary": {
                        "id": "arn:aws:ecs:us-east-1:269898812198:service/sample-service",
                        "attributes": {
                            "cluster": "arn:aws:ecs:us-east-1:269898812198:cluster/sample-ecs-cluster",
                            "deployment_controller.#": "1",
                            "deployment_controller.0.type": "ECS",
                            "deployment_maximum_percent": "200",
                            "deployment_minimum_healthy_percent": "100",
                            "desired_count": "2",
                            "enable_ecs_managed_tags": "false",
                            "health_check_grace_period_seconds": "0",
                            "iam_role": "arn:aws:iam::269898812198:role/sample-ecs-role",
                            "id": "arn:aws:ecs:us-east-1:269898812198:service/sample-service",
                            "launch_type": "EC2",
                            "load_balancer.#": "1",
                            "load_balancer.204830054.container_name": "sample-dc",
                            "load_balancer.204830054.container_port": "3333",
                            "load_balancer.204830054.elb_name": "",
                            "load_balancer.204830054.target_group_arn": "arn:aws:elasticloadbalancing:us-east-1:269898812198:targetgroup/sample-ecs-tg/a115ca3af0844716",
                            "name": "sample-service",
                            "network_configuration.#": "0",
                            "ordered_placement_strategy.#": "0",
                            "placement_constraints.#": "0",
                            "platform_version": "",
                            "propagate_tags": "NONE",
                            "scheduling_strategy": "REPLICA",
                            "service_registries.#": "0",
                            "tags.%": "0",
                            "task_definition": "arn:aws:ecs:us-east-1:269898812198:task-definition/sample-task:12"
                        },
                        "meta": {},
                        "tainted": false
                    },
                    "deposed": [],
                    "provider": "provider.aws"
                },
                "aws_ecs_task_definition.sample_task": {
                    "type": "aws_ecs_task_definition",
                    "depends_on": [
                        "data.template_file.task_definition"
                    ],
                    "primary": {
                        "id": "sample-task",
                        "attributes": {
                            "arn": "arn:aws:ecs:us-east-1:269898812198:task-definition/sample-task:12",
                            "container_definitions": "[{\"cpu\":128,\"environment\":[],\"essential\":true,\"image\":\"269898812198.dkr.ecr.us-east-1.amazonaws.com/aniketapp:latest\",\"logConfiguration\":{\"logDriver\":\"awslogs\",\"options\":{\"awslogs-group\":\"sample-ecs-group/app\",\"awslogs-region\":\"us-east-1\"}},\"memory\":256,\"mountPoints\":[],\"name\":\"sample-dc\",\"portMappings\":[{\"containerPort\":3333,\"hostPort\":0,\"protocol\":\"tcp\"}],\"volumesFrom\":[]}]",
                            "cpu": "",
                            "execution_role_arn": "",
                            "family": "sample-task",
                            "id": "sample-task",
                            "memory": "",
                            "network_mode": "",
                            "placement_constraints.#": "0",
                            "requires_compatibilities.#": "0",
                            "revision": "12",
                            "tags.%": "0",
                            "task_role_arn": "",
                            "volume.#": "0"
                        },
                        "meta": {
                            "schema_version": "1"
                        },
                        "tainted": false
                    },
                    "deposed": [],
                    "provider": "provider.aws"
                },
                "aws_iam_instance_profile.app": {
                    "type": "aws_iam_instance_profile",
                    "depends_on": [
                        "aws_iam_role.app_instance"
                    ],
                    "primary": {
                        "id": "sample-instance-profile",
                        "attributes": {
                            "arn": "arn:aws:iam::269898812198:instance-profile/sample-instance-profile",
                            "create_date": "2019-02-25T07:15:44Z",
                            "id": "sample-instance-profile",
                            "name": "sample-instance-profile",
                            "path": "/",
                            "role": "sample-instance-role",
                            "roles.#": "0",
                            "unique_id": "AIPAJ2746L7M2HHUQMRH4"
                        },
                        "meta": {},
                        "tainted": false
                    },
                    "deposed": [],
                    "provider": "provider.aws"
                },
                "aws_iam_role.app_instance": {
                    "type": "aws_iam_role",
                    "depends_on": [],
                    "primary": {
                        "id": "sample-instance-role",
                        "attributes": {
                            "arn": "arn:aws:iam::269898812198:role/sample-instance-role",
                            "assume_role_policy": "{\"Version\":\"2012-10-17\",\"Statement\":[{\"Sid\":\"\",\"Effect\":\"Allow\",\"Principal\":{\"Service\":\"ec2.amazonaws.com\"},\"Action\":\"sts:AssumeRole\"}]}",
                            "create_date": "2019-02-25T07:15:44Z",
                            "description": "",
                            "force_detach_policies": "false",
                            "id": "sample-instance-role",
                            "max_session_duration": "3600",
                            "name": "sample-instance-role",
                            "path": "/",
                            "tags.%": "0",
                            "unique_id": "AROAJQYUMQTW6LSNGTXNG"
                        },
                        "meta": {},
                        "tainted": false
                    },
                    "deposed": [],
                    "provider": "provider.aws"
                },
                "aws_iam_role.ecs_service": {
                    "type": "aws_iam_role",
                    "depends_on": [],
                    "primary": {
                        "id": "sample-ecs-role",
                        "attributes": {
                            "arn": "arn:aws:iam::269898812198:role/sample-ecs-role",
                            "assume_role_policy": "{\"Version\":\"2008-10-17\",\"Statement\":[{\"Sid\":\"\",\"Effect\":\"Allow\",\"Principal\":{\"Service\":\"ecs.amazonaws.com\"},\"Action\":\"sts:AssumeRole\"}]}",
                            "create_date": "2019-02-25T07:15:44Z",
                            "description": "",
                            "force_detach_policies": "false",
                            "id": "sample-ecs-role",
                            "max_session_duration": "3600",
                            "name": "sample-ecs-role",
                            "path": "/",
                            "tags.%": "0",
                            "unique_id": "AROAIYAXNUQO3OLIDZPPG"
                        },
                        "meta": {},
                        "tainted": false
                    },
                    "deposed": [],
                    "provider": "provider.aws"
                },
                "aws_iam_role_policy.ecs_service": {
                    "type": "aws_iam_role_policy",
                    "depends_on": [
                        "aws_iam_role.ecs_service"
                    ],
                    "primary": {
                        "id": "sample-ecs-role:sample-ecs-policy",
                        "attributes": {
                            "id": "sample-ecs-role:sample-ecs-policy",
                            "name": "sample-ecs-policy",
                            "policy": "{\n  \"Version\": \"2012-10-17\",\n  \"Statement\": [\n    {\n      \"Effect\": \"Allow\",\n      \"Action\": [\n        \"ec2:Describe*\",\n        \"elasticloadbalancing:DeregisterInstancesFromLoadBalancer\",\n        \"elasticloadbalancing:DeregisterTargets\",\n        \"elasticloadbalancing:Describe*\",\n        \"elasticloadbalancing:RegisterInstancesWithLoadBalancer\",\n        \"elasticloadbalancing:RegisterTargets\"\n      ],\n      \"Resource\": \"*\"\n    }\n  ]\n}\n",
                            "role": "sample-ecs-role"
                        },
                        "meta": {},
                        "tainted": false
                    },
                    "deposed": [],
                    "provider": "provider.aws"
                },
                "aws_iam_role_policy.instance": {
                    "type": "aws_iam_role_policy",
                    "depends_on": [
                        "aws_iam_role.app_instance",
                        "data.template_file.instance_profile"
                    ],
                    "primary": {
                        "id": "sample-instance-role:RateshopEcsInstanceRole",
                        "attributes": {
                            "id": "sample-instance-role:RateshopEcsInstanceRole",
                            "name": "RateshopEcsInstanceRole",
                            "policy": "{\n  \"Version\": \"2012-10-17\",\n  \"Statement\": [\n    {\n      \"Sid\": \"ecsInstanceRole\",\n      \"Effect\": \"Allow\",\n      \"Action\": [\n              \"ecs:CreateCluster\",\n              \"ecs:DeregisterContainerInstance\",\n              \"ecs:DiscoverPollEndpoint\",\n              \"ecs:Poll\",\n              \"ecs:RegisterContainerInstance\",\n              \"ecs:StartTelemetrySession\",\n              \"ecs:Submit*\",\n              \"ecs:StartTask\",\n              \"ecr:GetAuthorizationToken\",\n              \"ecr:BatchCheckLayerAvailability\",\n              \"ecr:GetDownloadUrlForLayer\",\n              \"ecr:BatchGetImage\",\n              \"logs:CreateLogStream\",\n              \"logs:PutLogEvents\"\n      ],\n      \"Resource\": [\n        \"*\"\n      ]\n    },\n    {\n      \"Sid\": \"allowLoggingToCloudWatch\",\n      \"Effect\": \"Allow\",\n      \"Action\": [\n                \"logs:CreateLogGroup\",\n                \"logs:CreateLogStream\",\n                \"logs:PutLogEvents\",\n                \"logs:DescribeLogStreams\"\n      ],\n      \"Resource\": [\n        \"arn:aws:logs:us-east-1:269898812198:log-group:sample-ecs-group/app:*\",\n        \"arn:aws:logs:us-east-1:269898812198:log-group:sample-ecs-group/ecs-agent:*\"\n      ]\n    }\n  ]\n}\n",
                            "role": "sample-instance-role"
                        },
                        "meta": {},
                        "tainted": false
                    },
                    "deposed": [],
                    "provider": "provider.aws"
                },
                "aws_launch_configuration.sample_app_dc": {
                    "type": "aws_launch_configuration",
                    "depends_on": [
                        "aws_iam_instance_profile.app",
                        "data.template_file.userdata"
                    ],
                    "primary": {
                        "id": "terraform-20190225071544363900000001",
                        "attributes": {
                            "associate_public_ip_address": "true",
                            "ebs_block_device.#": "0",
                            "ebs_optimized": "false",
                            "enable_monitoring": "true",
                            "ephemeral_block_device.#": "0",
                            "iam_instance_profile": "sample-instance-profile",
                            "id": "terraform-20190225071544363900000001",
                            "image_id": "ami-aff65ad2",
                            "instance_type": "t2.micro",
                            "key_name": "aniket2",
                            "name": "terraform-20190225071544363900000001",
                            "root_block_device.#": "0",
                            "security_groups.#": "2",
                            "security_groups.182551603": "sg-0c80ce4a0f043ea1f",
                            "security_groups.3821200343": "sg-0979687966e579fee",
                            "spot_price": "",
                            "user_data": "999d8caabb7bffca989c5afdbd94d518035b3777",
                            "vpc_classic_link_id": "",
                            "vpc_classic_link_security_groups.#": "0"
                        },
                        "meta": {},
                        "tainted": false
                    },
                    "deposed": [],
                    "provider": "provider.aws"
                },
                "aws_lb.main": {
                    "type": "aws_lb",
                    "depends_on": [],
                    "primary": {
                        "id": "arn:aws:elasticloadbalancing:us-east-1:269898812198:loadbalancer/net/sample-alb-ecs/c384ac8816305b68",
                        "attributes": {
                            "access_logs.#": "0",
                            "arn": "arn:aws:elasticloadbalancing:us-east-1:269898812198:loadbalancer/net/sample-alb-ecs/c384ac8816305b68",
                            "arn_suffix": "net/sample-alb-ecs/c384ac8816305b68",
                            "dns_name": "sample-alb-ecs-c384ac8816305b68.elb.us-east-1.amazonaws.com",
                            "enable_cross_zone_load_balancing": "false",
                            "enable_deletion_protection": "false",
                            "id": "arn:aws:elasticloadbalancing:us-east-1:269898812198:loadbalancer/net/sample-alb-ecs/c384ac8816305b68",
                            "internal": "false",
                            "ip_address_type": "ipv4",
                            "load_balancer_type": "network",
                            "name": "sample-alb-ecs",
                            "security_groups.#": "0",
                            "subnet_mapping.#": "0",
                            "subnets.#": "2",
                            "subnets.256938267": "subnet-90e062cc",
                            "subnets.523965826": "subnet-5cd90c62",
                            "tags.%": "0",
                            "vpc_id": "vpc-f45d8f8e",
                            "zone_id": "Z26RNL4JYFTOTI"
                        },
                        "meta": {
                            "e2bfb730-ecaa-11e6-8f88-34363bc7c4c0": {
                                "create": 600000000000,
                                "delete": 600000000000,
                                "update": 600000000000
                            }
                        },
                        "tainted": false
                    },
                    "deposed": [],
                    "provider": "provider.aws"
                },
                "aws_security_group.sample_alb_sg": {
                    "type": "aws_security_group",
                    "depends_on": [],
                    "primary": {
                        "id": "sg-06602d43671370ec4",
                        "attributes": {
                            "arn": "arn:aws:ec2:us-east-1:269898812198:security-group/sg-06602d43671370ec4",
                            "description": "controls access to the application ELB",
                            "egress.#": "1",
                            "egress.482069346.cidr_blocks.#": "1",
                            "egress.482069346.cidr_blocks.0": "0.0.0.0/0",
                            "egress.482069346.description": "",
                            "egress.482069346.from_port": "0",
                            "egress.482069346.ipv6_cidr_blocks.#": "0",
                            "egress.482069346.prefix_list_ids.#": "0",
                            "egress.482069346.protocol": "-1",
                            "egress.482069346.security_groups.#": "0",
                            "egress.482069346.self": "false",
                            "egress.482069346.to_port": "0",
                            "id": "sg-06602d43671370ec4",
                            "ingress.#": "1",
                            "ingress.2214680975.cidr_blocks.#": "1",
                            "ingress.2214680975.cidr_blocks.0": "0.0.0.0/0",
                            "ingress.2214680975.description": "",
                            "ingress.2214680975.from_port": "80",
                            "ingress.2214680975.ipv6_cidr_blocks.#": "0",
                            "ingress.2214680975.prefix_list_ids.#": "0",
                            "ingress.2214680975.protocol": "tcp",
                            "ingress.2214680975.security_groups.#": "0",
                            "ingress.2214680975.self": "false",
                            "ingress.2214680975.to_port": "80",
                            "name": "sample-ecs-lbsg",
                            "owner_id": "269898812198",
                            "revoke_rules_on_delete": "false",
                            "tags.%": "0",
                            "vpc_id": "vpc-f45d8f8e"
                        },
                        "meta": {
                            "e2bfb730-ecaa-11e6-8f88-34363bc7c4c0": {
                                "create": 600000000000,
                                "delete": 600000000000
                            },
                            "schema_version": "1"
                        },
                        "tainted": false
                    },
                    "deposed": [],
                    "provider": "provider.aws"
                },
                "aws_security_group.sample_application_sg": {
                    "type": "aws_security_group",
                    "depends_on": [
                        "aws_security_group.sample_alb_sg"
                    ],
                    "primary": {
                        "id": "sg-053fff164a78a8fc4",
                        "attributes": {
                            "arn": "arn:aws:ec2:us-east-1:269898812198:security-group/sg-053fff164a78a8fc4",
                            "description": "controls direct access to application instances",
                            "egress.#": "1",
                            "egress.482069346.cidr_blocks.#": "1",
                            "egress.482069346.cidr_blocks.0": "0.0.0.0/0",
                            "egress.482069346.description": "",
                            "egress.482069346.from_port": "0",
                            "egress.482069346.ipv6_cidr_blocks.#": "0",
                            "egress.482069346.prefix_list_ids.#": "0",
                            "egress.482069346.protocol": "-1",
                            "egress.482069346.security_groups.#": "0",
                            "egress.482069346.self": "false",
                            "egress.482069346.to_port": "0",
                            "id": "sg-053fff164a78a8fc4",
                            "ingress.#": "2",
                            "ingress.2541437006.cidr_blocks.#": "1",
                            "ingress.2541437006.cidr_blocks.0": "0.0.0.0/0",
                            "ingress.2541437006.description": "",
                            "ingress.2541437006.from_port": "22",
                            "ingress.2541437006.ipv6_cidr_blocks.#": "0",
                            "ingress.2541437006.prefix_list_ids.#": "0",
                            "ingress.2541437006.protocol": "tcp",
                            "ingress.2541437006.security_groups.#": "0",
                            "ingress.2541437006.self": "false",
                            "ingress.2541437006.to_port": "22",
                            "ingress.2735817175.cidr_blocks.#": "0",
                            "ingress.2735817175.description": "",
                            "ingress.2735817175.from_port": "3333",
                            "ingress.2735817175.ipv6_cidr_blocks.#": "0",
                            "ingress.2735817175.prefix_list_ids.#": "0",
                            "ingress.2735817175.protocol": "tcp",
                            "ingress.2735817175.security_groups.#": "1",
                            "ingress.2735817175.security_groups.4120654470": "sg-06602d43671370ec4",
                            "ingress.2735817175.self": "false",
                            "ingress.2735817175.to_port": "3333",
                            "name": "sample-ecs-appsg",
                            "owner_id": "269898812198",
                            "revoke_rules_on_delete": "false",
                            "tags.%": "0",
                            "vpc_id": "vpc-f45d8f8e"
                        },
                        "meta": {
                            "e2bfb730-ecaa-11e6-8f88-34363bc7c4c0": {
                                "create": 600000000000,
                                "delete": 600000000000
                            },
                            "schema_version": "1"
                        },
                        "tainted": false
                    },
                    "deposed": [],
                    "provider": "provider.aws"
                },
                "data.template_file.instance_profile": {
                    "type": "template_file",
                    "depends_on": [
                        "aws_cloudwatch_log_group.app",
                        "aws_cloudwatch_log_group.ecs"
                    ],
                    "primary": {
                        "id": "3ea57e56c8557f1be4f7fcad4f1c0137b7f503616ffe2e863e58077fb36d6c45",
                        "attributes": {
                            "id": "3ea57e56c8557f1be4f7fcad4f1c0137b7f503616ffe2e863e58077fb36d6c45",
                            "rendered": "{\n  \"Version\": \"2012-10-17\",\n  \"Statement\": [\n    {\n      \"Sid\": \"ecsInstanceRole\",\n      \"Effect\": \"Allow\",\n      \"Action\": [\n              \"ecs:CreateCluster\",\n              \"ecs:DeregisterContainerInstance\",\n              \"ecs:DiscoverPollEndpoint\",\n              \"ecs:Poll\",\n              \"ecs:RegisterContainerInstance\",\n              \"ecs:StartTelemetrySession\",\n              \"ecs:Submit*\",\n              \"ecs:StartTask\",\n              \"ecr:GetAuthorizationToken\",\n              \"ecr:BatchCheckLayerAvailability\",\n              \"ecr:GetDownloadUrlForLayer\",\n              \"ecr:BatchGetImage\",\n              \"logs:CreateLogStream\",\n              \"logs:PutLogEvents\"\n      ],\n      \"Resource\": [\n        \"*\"\n      ]\n    },\n    {\n      \"Sid\": \"allowLoggingToCloudWatch\",\n      \"Effect\": \"Allow\",\n      \"Action\": [\n                \"logs:CreateLogGroup\",\n                \"logs:CreateLogStream\",\n                \"logs:PutLogEvents\",\n                \"logs:DescribeLogStreams\"\n      ],\n      \"Resource\": [\n        \"arn:aws:logs:us-east-1:269898812198:log-group:sample-ecs-group/app:*\",\n        \"arn:aws:logs:us-east-1:269898812198:log-group:sample-ecs-group/ecs-agent:*\"\n      ]\n    }\n  ]\n}\n",
                            "template": "{\n  \"Version\": \"2012-10-17\",\n  \"Statement\": [\n    {\n      \"Sid\": \"ecsInstanceRole\",\n      \"Effect\": \"Allow\",\n      \"Action\": [\n              \"ecs:CreateCluster\",\n              \"ecs:DeregisterContainerInstance\",\n              \"ecs:DiscoverPollEndpoint\",\n              \"ecs:Poll\",\n              \"ecs:RegisterContainerInstance\",\n              \"ecs:StartTelemetrySession\",\n              \"ecs:Submit*\",\n              \"ecs:StartTask\",\n              \"ecr:GetAuthorizationToken\",\n              \"ecr:BatchCheckLayerAvailability\",\n              \"ecr:GetDownloadUrlForLayer\",\n              \"ecr:BatchGetImage\",\n              \"logs:CreateLogStream\",\n              \"logs:PutLogEvents\"\n      ],\n      \"Resource\": [\n        \"*\"\n      ]\n    },\n    {\n      \"Sid\": \"allowLoggingToCloudWatch\",\n      \"Effect\": \"Allow\",\n      \"Action\": [\n                \"logs:CreateLogGroup\",\n                \"logs:CreateLogStream\",\n                \"logs:PutLogEvents\",\n                \"logs:DescribeLogStreams\"\n      ],\n      \"Resource\": [\n        \"${app_log_group_arn}\",\n        \"${ecs_log_group_arn}\"\n      ]\n    }\n  ]\n}\n",
                            "vars.%": "2",
                            "vars.app_log_group_arn": "arn:aws:logs:us-east-1:269898812198:log-group:sample-ecs-group/app:*",
                            "vars.ecs_log_group_arn": "arn:aws:logs:us-east-1:269898812198:log-group:sample-ecs-group/ecs-agent:*"
                        },
                        "meta": {},
                        "tainted": false
                    },
                    "deposed": [],
                    "provider": "provider.template"
                },
                "data.template_file.task_definition": {
                    "type": "template_file",
                    "depends_on": [
                        "aws_cloudwatch_log_group.app"
                    ],
                    "primary": {
                        "id": "1d790d1d2060acc1fde605bed85eb871e958a3ed3ac9a91a5b6b585fcefc6e11",
                        "attributes": {
                            "id": "1d790d1d2060acc1fde605bed85eb871e958a3ed3ac9a91a5b6b585fcefc6e11",
                            "rendered": "[\n  {\n    \"cpu\": 128,\n    \"essential\": true,\n    \"image\": \"269898812198.dkr.ecr.us-east-1.amazonaws.com/aniketapp:latest\",\n    \"memory\": 256,\n    \"name\": \"sample-dc\",\n    \"portMappings\": [\n      {\n        \"containerPort\": 3333,\n        \"hostPort\": 0\n      }\n    ],\n    \"logConfiguration\": {\n        \"logDriver\": \"awslogs\",\n        \"options\": {\n            \"awslogs-group\": \"sample-ecs-group/app\",\n            \"awslogs-region\": \"us-east-1\"\n        }\n    }\n\n  }\n]\n",
                            "template": "[\n  {\n    \"cpu\": 128,\n    \"essential\": true,\n    \"image\": \"${image_url}\",\n    \"memory\": 256,\n    \"name\": \"${container_name}\",\n    \"portMappings\": [\n      {\n        \"containerPort\": 3333,\n        \"hostPort\": 0\n      }\n    ],\n    \"logConfiguration\": {\n        \"logDriver\": \"awslogs\",\n        \"options\": {\n            \"awslogs-group\": \"${log_group_name}\",\n            \"awslogs-region\": \"${log_group_region}\"\n        }\n    }\n\n  }\n]\n",
                            "vars.%": "4",
                            "vars.container_name": "sample-dc",
                            "vars.image_url": "269898812198.dkr.ecr.us-east-1.amazonaws.com/aniketapp:latest",
                            "vars.log_group_name": "sample-ecs-group/app",
                            "vars.log_group_region": "us-east-1"
                        },
                        "meta": {},
                        "tainted": false
                    },
                    "deposed": [],
                    "provider": "provider.template"
                },
                "data.template_file.userdata": {
                    "type": "template_file",
                    "depends_on": [
                        "aws_ecs_cluster.main"
                    ],
                    "primary": {
                        "id": "8514576dcc7bde1dc73b1c20ee18687e4a378788b0fd268af3fc4864cdbac10b",
                        "attributes": {
                            "id": "8514576dcc7bde1dc73b1c20ee18687e4a378788b0fd268af3fc4864cdbac10b",
                            "rendered": "#!/bin/bash\r\necho 'ECS_CLUSTER=sample-ecs-cluster' \u003e /etc/ecs/ecs.config\r\nstart ecs",
                            "template": "#!/bin/bash\r\necho 'ECS_CLUSTER=${ecs_cluster_name}' \u003e /etc/ecs/ecs.config\r\nstart ecs",
                            "vars.%": "1",
                            "vars.ecs_cluster_name": "sample-ecs-cluster"
                        },
                        "meta": {},
                        "tainted": false
                    },
                    "deposed": [],
                    "provider": "provider.template"
                }
            },
            "depends_on": []
        }
    ]
}
